schema: '2.0'
stages:
  load_data:
    cmd: python src/load_data.py --config_file params.yaml
    deps:
    - path: data_given/winequality.csv
      md5: ccc8d3507eb151f53f760d36abdef888
      size: 91998
    - path: src/get_data.py
      md5: 1dd0f09446a4a3002682dfe410dda225
      size: 600
    - path: src/load_data.py
      md5: c1ac236605f9f03d02dd90019bef3f0d
      size: 601
    outs:
    - path: data/raw/wine_raw.csv
      md5: d98e8f2eca228c11c4de1cc96866a54d
      size: 93598
